{
  "name": "telegram-bot",
  "lockfileVersion": 2,
  "requires": true,
  "packages": {
    "": {
      "dependencies": {
        "node-telegram-bot-api": "^0.61.0",
        "fs": "0.0.1-security",
        "child_process": "^1.0.2"
      }
    },
    "node_modules/node-telegram-bot-api": {
      "version": "0.61.0",
      "resolved": "https://registry.npmjs.org/node-telegram-bot-api/-/node-telegram-bot-api-0.61.0.tgz"
    },
    "node_modules/fs": {
      "version": "0.0.1-security",
      "resolved": "https://registry.npmjs.org/fs/-/fs-0.0.1-security.tgz"
    },
    "node_modules/child_process": {
      "version": "1.0.2",
      "resolved": "https://registry.npmjs.org/child_process/-/child_process-1.0.2.tgz"
    }
  }
}